
Microsoft Visual Studio Solution File, Format Version 12.00
# Visual Studio Version 17
VisualStudioVersion = 17.14.36414.22 d17.14
MinimumVisualStudioVersion = 10.0.40219.1
Project("{FAE04EC0-301F-11D3-BF4B-00C04F79EFBC}") = "PrishlasovaniUzivateluReal", "PrishlasovaniUzivateluReal\PrishlasovaniUzivateluReal.csproj", "{3E691A4F-0DFA-46D3-934B-BAAF598E9E55}"
EndProject
Global
	GlobalSection(SolutionConfigurationPlatforms) = preSolution
		Debug|Any CPU = Debug|Any CPU
		Release|Any CPU = Release|Any CPU
	EndGlobalSection
	GlobalSection(ProjectConfigurationPlatforms) = postSolution
		{3E691A4F-0DFA-46D3-934B-BAAF598E9E55}.Debug|Any CPU.ActiveCfg = Debug|Any CPU
		{3E691A4F-0DFA-46D3-934B-BAAF598E9E55}.Debug|Any CPU.Build.0 = Debug|Any CPU
		{3E691A4F-0DFA-46D3-934B-BAAF598E9E55}.Release|Any CPU.ActiveCfg = Release|Any CPU
		{3E691A4F-0DFA-46D3-934B-BAAF598E9E55}.Release|Any CPU.Build.0 = Release|Any CPU
	EndGlobalSection
	GlobalSection(SolutionProperties) = preSolution
		HideSolutionNode = FALSE
	EndGlobalSection
	GlobalSection(ExtensibilityGlobals) = postSolution
		SolutionGuid = {746F0468-B871-48B3-83E1-69FBC0834907}
	EndGlobalSection
EndGlobal
